// !$*UTF8*$!
{
	archiveVersion = 1;
	classes = {
	};
	objectVersion = 63;
	objects = {

/* Begin PBXBuildFile section */
		029F1AAC187B31761D4CEA2A /* Shimmer in Frameworks */ = {isa = PBXBuildFile; productRef = D94D89E7EB33C5A157B3C315 /* Shimmer */; };
		045B57D26B5DF9802C0299B9 /* Telemetry.swift in Sources */ = {isa = PBXBuildFile; fileRef = 481A0834A7F077D1099132C8 /* Telemetry.swift */; };
		11A6903D1BC28E5F00237E3C /* AuthService.swift in Sources */ = {isa = PBXBuildFile; fileRef = E2D7D16A05A7D432E925633F /* AuthService.swift */; };
		147B9F551D353FB9D99430E1 /* DesignSystem.swift in Sources */ = {isa = PBXBuildFile; fileRef = 732DCE00E3F410189C1FFF0C /* DesignSystem.swift */; };
		16C371EADEA3CF51A1BE3917 /* Notifications.swift in Sources */ = {isa = PBXBuildFile; fileRef = 18B32C3C9EC0820A2868F763 /* Notifications.swift */; };
		17B17D572FC9B0E749B58963 /* Config.swift in Sources */ = {isa = PBXBuildFile; fileRef = 75B513E9406090E0068B305A /* Config.swift */; };
		18013F2A6B6EC3062A5E57E8 /* Assets.xcassets in Resources */ = {isa = PBXBuildFile; fileRef = AD9A4FEDB31093BCBB54A493 /* Assets.xcassets */; };
		1ECDEC356759B1F95683563A /* GlobalToolbar.swift in Sources */ = {isa = PBXBuildFile; fileRef = 5E808588FAAAC21F2209F26B /* GlobalToolbar.swift */; };
		2DC001BAE88580D6D903D9C7 /* DemoExitToolbar.swift in Sources */ = {isa = PBXBuildFile; fileRef = 6187193AB1EC434B99F91FFB /* DemoExitToolbar.swift */; };
		3167CBD3DEC88CFBF78A94B1 /* StoreTabView.swift in Sources */ = {isa = PBXBuildFile; fileRef = D764A3FA4B0275D840AFAD68 /* StoreTabView.swift */; };
		33ADAE9B4BABAB3E082E81DD /* RemoteAvatarView.swift in Sources */ = {isa = PBXBuildFile; fileRef = D9B17E9A0267CD29BBEF179B /* RemoteAvatarView.swift */; };
		37A56A4F9FD002149069707A /* KeychainTokenStore.swift in Sources */ = {isa = PBXBuildFile; fileRef = B5F2695D5AA94E75BBEEA72A /* KeychainTokenStore.swift */; };
		407B2C6C38C2CCBE64EBA94D /* LottieView.swift in Sources */ = {isa = PBXBuildFile; fileRef = 6BDAC466A13DF7EFBB9302DD /* LottieView.swift */; };
		41313F7E7AB7A49B7D31CAFD /* OrderRowView.swift in Sources */ = {isa = PBXBuildFile; fileRef = 9608E90D137032F7BD70F4E4 /* OrderRowView.swift */; };
		42A0B433F4180176B856750D /* StoreHomeView.swift in Sources */ = {isa = PBXBuildFile; fileRef = FAACB2ED74F7A61DC658199D /* StoreHomeView.swift */; };
		4330E5346A9F5D266DC1344A /* OrdersSyncManager.swift in Sources */ = {isa = PBXBuildFile; fileRef = 205017133705173CDDB3D443 /* OrdersSyncManager.swift */; };
		48719651DCC78156DC53DEEA /* ProfileView.swift in Sources */ = {isa = PBXBuildFile; fileRef = A9553C89BFEB4AEF133B8821 /* ProfileView.swift */; };
		4E7ED000DC81D71AA9BC2131 /* AuthViewModel.swift in Sources */ = {isa = PBXBuildFile; fileRef = 98CA6E09876DAF36DB602FC8 /* AuthViewModel.swift */; };
		4F65F5ADB1952B0D8938F843 /* ModelContextHolder.swift in Sources */ = {isa = PBXBuildFile; fileRef = DBCEFA717E696436ACD8C4AC /* ModelContextHolder.swift */; };
		501EA57C54D3C5261CCC0765 /* hero_pulse.json in Resources */ = {isa = PBXBuildFile; fileRef = E83AE0C6D45D75A259D16650 /* hero_pulse.json */; };
		50E88351DA9ABDC8830D7B50 /* APIClient.swift in Sources */ = {isa = PBXBuildFile; fileRef = 54D24F53D19AB75CDBF9B8EF /* APIClient.swift */; };
		52CEB3BA1F838E9904781C0E /* OrdersService.swift in Sources */ = {isa = PBXBuildFile; fileRef = 21AB1E66206F81D9C7A79F2E /* OrdersService.swift */; };
		54182D18F34F90FCC4723E82 /* OrdersListView.swift in Sources */ = {isa = PBXBuildFile; fileRef = 334CC652083F335B3DA8A8DF /* OrdersListView.swift */; };
		5486287B72D106AC4C96F17F /* AuthFlowUITests.swift in Sources */ = {isa = PBXBuildFile; fileRef = 47CF548AAD85F5D1E2838365 /* AuthFlowUITests.swift */; };
		58A3AFDBBCF8292BBE4CD2F3 /* SkeletonOrderRow.swift in Sources */ = {isa = PBXBuildFile; fileRef = FFBB2B3121301D0031517353 /* SkeletonOrderRow.swift */; };
		67351F19F5C7E9A243DDEFB5 /* OrderPricing.swift in Sources */ = {isa = PBXBuildFile; fileRef = 18E8DBF867F0A1E7EAB6D488 /* OrderPricing.swift */; };
		6C5448C3BED3145E3B03E523 /* KeychainAuthStoreTests.swift in Sources */ = {isa = PBXBuildFile; fileRef = EBDD260D9C63FC8528AE42CD /* KeychainAuthStoreTests.swift */; };
		7026A04CBE57C7AAB19F743D /* Order.swift in Sources */ = {isa = PBXBuildFile; fileRef = E763DE2C85906EDBD48422A3 /* Order.swift */; };
		74B4B5843DCC8333CEB1E3D6 /* OrderDraftEntity.swift in Sources */ = {isa = PBXBuildFile; fileRef = 6AB9AA6C54C45A2DB689690D /* OrderDraftEntity.swift */; };
		754B7B5475715BFE1A88ECA4 /* AuthSessionConcurrencyTests.swift in Sources */ = {isa = PBXBuildFile; fileRef = BB57A10226C40BD4776401D9 /* AuthSessionConcurrencyTests.swift */; };
		7C6ACF5453ABB25037DBC24D /* PushManager.swift in Sources */ = {isa = PBXBuildFile; fileRef = 3FDEBF3B6806226144A8EBFE /* PushManager.swift */; };
		7F217E67C49F4DDF91C065B4 /* Haptics.swift in Sources */ = {isa = PBXBuildFile; fileRef = 085C9579D18A11406FFE1007 /* Haptics.swift */; };
		8A948646A0B06EBAD70E5C31 /* Lottie in Frameworks */ = {isa = PBXBuildFile; productRef = F0E60C89D34C1C3F5691BB25 /* Lottie */; };
		9221949AACF5E8F349C3ADC2 /* AppSession.swift in Sources */ = {isa = PBXBuildFile; fileRef = 2509478F261F4155B34A18E6 /* AppSession.swift */; };
		9F24442340C119A5B626E5D2 /* OrderDetailView.swift in Sources */ = {isa = PBXBuildFile; fileRef = A11BBDBE5EFBCEC508259BD2 /* OrderDetailView.swift */; };
		9FAA0412FE29CE4F99F5415B /* Shimmer.swift in Sources */ = {isa = PBXBuildFile; fileRef = 3838694143FFCEB35D9FEBE1 /* Shimmer.swift */; };
		A375E5ECFE1AACBEB44711E6 /* Toast.swift in Sources */ = {isa = PBXBuildFile; fileRef = 5C290D6AF581A1429B24E668 /* Toast.swift */; };
		A85C014870CDFFA2433CB32D /* SlideToConfirmSlider.swift in Sources */ = {isa = PBXBuildFile; fileRef = E48A601F539367C4E7C8DBEA /* SlideToConfirmSlider.swift */; };
		B1BD339E8B4450C86C518458 /* AuthKeychainStore.swift in Sources */ = {isa = PBXBuildFile; fileRef = 0F40F2A9A80D0A681B6BD1DA /* AuthKeychainStore.swift */; };
		B249EA08B54F1ABFD946C3EA /* EmptyStateView.swift in Sources */ = {isa = PBXBuildFile; fileRef = 66F11E75BA087995F443429C /* EmptyStateView.swift */; };
		B2F8B5E525F0B1A7030917BF /* LanguageMenuButton.swift in Sources */ = {isa = PBXBuildFile; fileRef = E49E7B597C7DD3EDD24B2D5C /* LanguageMenuButton.swift */; };
		C8D240DB1F943DE43D97A387 /* NewOrderView.swift in Sources */ = {isa = PBXBuildFile; fileRef = CB08B78FAC8EEA2F9906D8CA /* NewOrderView.swift */; };
		CA5F1BFEFD4E5896474AC4C2 /* AlertToast in Frameworks */ = {isa = PBXBuildFile; productRef = 16354204D8673CC6D77B771C /* AlertToast */; };
		CDC803C780900C54B7FD2D2C /* AuthView.swift in Sources */ = {isa = PBXBuildFile; fileRef = 05A7F0B0F87BD6EE046A6C2D /* AuthView.swift */; };
		CE570E8BB81A9691C3CE34E0 /* Localizable.strings in Resources */ = {isa = PBXBuildFile; fileRef = 17FE40D53EE7AA2D255F85D4 /* Localizable.strings */; };
		D8D9330B91636216B8DE083D /* OrdersServiceSyncTests.swift in Sources */ = {isa = PBXBuildFile; fileRef = 3BB4BDFF142C54849E71E0FF /* OrdersServiceSyncTests.swift */; };
		E8EFAE5CFF326B4A23A3480B /* SSEClient.swift in Sources */ = {isa = PBXBuildFile; fileRef = FD146120977A760D18C12711 /* SSEClient.swift */; };
		E9375A66727C7662E763B5B0 /* StoreOrdersListView.swift in Sources */ = {isa = PBXBuildFile; fileRef = F090E43AE1CCF879F8FABEB2 /* StoreOrdersListView.swift */; };
		E9E28118B5164453B8E4DB85 /* AuthServiceTests.swift in Sources */ = {isa = PBXBuildFile; fileRef = B9392DB0AD9C64D47FC26F28 /* AuthServiceTests.swift */; };
		F034F6E5B6F6A2854FC63002 /* SwiftUIX in Frameworks */ = {isa = PBXBuildFile; productRef = BD499EE3C6AB3AD788DE6EF9 /* SwiftUIX */; };
		F342316107F076C7844421CD /* Popovers in Frameworks */ = {isa = PBXBuildFile; productRef = 0F4DABB45AA2E65839140A02 /* Popovers */; };
		F6B5D748CBE46B71D837FE0F /* ZarizApp.swift in Sources */ = {isa = PBXBuildFile; fileRef = DF5D6D4550CCC35AAFE48876 /* ZarizApp.swift */; };
/* End PBXBuildFile section */

/* Begin PBXContainerItemProxy section */
		BD45FAB7A0B5FF6A60D11D01 /* PBXContainerItemProxy */ = {
			isa = PBXContainerItemProxy;
			containerPortal = 8F08DF75D3EEF47141B8164F /* Project object */;
			proxyType = 1;
			remoteGlobalIDString = 56915C4970CA94F676E1EBE4;
			remoteInfo = Zariz;
		};
		E76D1EB36FBC4C7F01F06327 /* PBXContainerItemProxy */ = {
			isa = PBXContainerItemProxy;
			containerPortal = 8F08DF75D3EEF47141B8164F /* Project object */;
			proxyType = 1;
			remoteGlobalIDString = 56915C4970CA94F676E1EBE4;
			remoteInfo = Zariz;
		};
/* End PBXContainerItemProxy section */

/* Begin PBXFileReference section */
		05A7F0B0F87BD6EE046A6C2D /* AuthView.swift */ = {isa = PBXFileReference; lastKnownFileType = sourcecode.swift; path = AuthView.swift; sourceTree = "<group>"; };
		083F5FA9673EA6B850203EE4 /* he */ = {isa = PBXFileReference; lastKnownFileType = text.plist.strings; name = he; path = he.lproj/Localizable.strings; sourceTree = "<group>"; };
		085C9579D18A11406FFE1007 /* Haptics.swift */ = {isa = PBXFileReference; lastKnownFileType = sourcecode.swift; path = Haptics.swift; sourceTree = "<group>"; };
		0F40F2A9A80D0A681B6BD1DA /* AuthKeychainStore.swift */ = {isa = PBXFileReference; lastKnownFileType = sourcecode.swift; path = AuthKeychainStore.swift; sourceTree = "<group>"; };
		18B32C3C9EC0820A2868F763 /* Notifications.swift */ = {isa = PBXFileReference; lastKnownFileType = sourcecode.swift; path = Notifications.swift; sourceTree = "<group>"; };
		18E8DBF867F0A1E7EAB6D488 /* OrderPricing.swift */ = {isa = PBXFileReference; lastKnownFileType = sourcecode.swift; path = OrderPricing.swift; sourceTree = "<group>"; };
		205017133705173CDDB3D443 /* OrdersSyncManager.swift */ = {isa = PBXFileReference; lastKnownFileType = sourcecode.swift; path = OrdersSyncManager.swift; sourceTree = "<group>"; };
		21AB1E66206F81D9C7A79F2E /* OrdersService.swift */ = {isa = PBXFileReference; lastKnownFileType = sourcecode.swift; path = OrdersService.swift; sourceTree = "<group>"; };
		2509478F261F4155B34A18E6 /* AppSession.swift */ = {isa = PBXFileReference; lastKnownFileType = sourcecode.swift; path = AppSession.swift; sourceTree = "<group>"; };
		334CC652083F335B3DA8A8DF /* OrdersListView.swift */ = {isa = PBXFileReference; lastKnownFileType = sourcecode.swift; path = OrdersListView.swift; sourceTree = "<group>"; };
		3838694143FFCEB35D9FEBE1 /* Shimmer.swift */ = {isa = PBXFileReference; lastKnownFileType = sourcecode.swift; path = Shimmer.swift; sourceTree = "<group>"; };
		3BB4BDFF142C54849E71E0FF /* OrdersServiceSyncTests.swift */ = {isa = PBXFileReference; lastKnownFileType = sourcecode.swift; path = OrdersServiceSyncTests.swift; sourceTree = "<group>"; };
		3FDEBF3B6806226144A8EBFE /* PushManager.swift */ = {isa = PBXFileReference; lastKnownFileType = sourcecode.swift; path = PushManager.swift; sourceTree = "<group>"; };
		43C88EA393E23C78A6E94D40 /* Zariz.app */ = {isa = PBXFileReference; explicitFileType = wrapper.application; includeInIndex = 0; path = Zariz.app; sourceTree = BUILT_PRODUCTS_DIR; };
		47CF548AAD85F5D1E2838365 /* AuthFlowUITests.swift */ = {isa = PBXFileReference; lastKnownFileType = sourcecode.swift; path = AuthFlowUITests.swift; sourceTree = "<group>"; };
		481A0834A7F077D1099132C8 /* Telemetry.swift */ = {isa = PBXFileReference; lastKnownFileType = sourcecode.swift; path = Telemetry.swift; sourceTree = "<group>"; };
		54D24F53D19AB75CDBF9B8EF /* APIClient.swift */ = {isa = PBXFileReference; lastKnownFileType = sourcecode.swift; path = APIClient.swift; sourceTree = "<group>"; };
		5C290D6AF581A1429B24E668 /* Toast.swift */ = {isa = PBXFileReference; lastKnownFileType = sourcecode.swift; path = Toast.swift; sourceTree = "<group>"; };
		5E808588FAAAC21F2209F26B /* GlobalToolbar.swift */ = {isa = PBXFileReference; lastKnownFileType = sourcecode.swift; path = GlobalToolbar.swift; sourceTree = "<group>"; };
		6104438F41AFF9F6002B6458 /* en */ = {isa = PBXFileReference; lastKnownFileType = text.plist.strings; name = en; path = en.lproj/Localizable.strings; sourceTree = "<group>"; };
		6187193AB1EC434B99F91FFB /* DemoExitToolbar.swift */ = {isa = PBXFileReference; lastKnownFileType = sourcecode.swift; path = DemoExitToolbar.swift; sourceTree = "<group>"; };
		66F11E75BA087995F443429C /* EmptyStateView.swift */ = {isa = PBXFileReference; lastKnownFileType = sourcecode.swift; path = EmptyStateView.swift; sourceTree = "<group>"; };
		6AB9AA6C54C45A2DB689690D /* OrderDraftEntity.swift */ = {isa = PBXFileReference; lastKnownFileType = sourcecode.swift; path = OrderDraftEntity.swift; sourceTree = "<group>"; };
		6BDAC466A13DF7EFBB9302DD /* LottieView.swift */ = {isa = PBXFileReference; lastKnownFileType = sourcecode.swift; path = LottieView.swift; sourceTree = "<group>"; };
		732DCE00E3F410189C1FFF0C /* DesignSystem.swift */ = {isa = PBXFileReference; lastKnownFileType = sourcecode.swift; path = DesignSystem.swift; sourceTree = "<group>"; };
		75B513E9406090E0068B305A /* Config.swift */ = {isa = PBXFileReference; lastKnownFileType = sourcecode.swift; path = Config.swift; sourceTree = "<group>"; };
		9608E90D137032F7BD70F4E4 /* OrderRowView.swift */ = {isa = PBXFileReference; lastKnownFileType = sourcecode.swift; path = OrderRowView.swift; sourceTree = "<group>"; };
		98CA6E09876DAF36DB602FC8 /* AuthViewModel.swift */ = {isa = PBXFileReference; lastKnownFileType = sourcecode.swift; path = AuthViewModel.swift; sourceTree = "<group>"; };
		9D19695BD72B022E555D8329 /* ru */ = {isa = PBXFileReference; lastKnownFileType = text.plist.strings; name = ru; path = ru.lproj/Localizable.strings; sourceTree = "<group>"; };
		A11BBDBE5EFBCEC508259BD2 /* OrderDetailView.swift */ = {isa = PBXFileReference; lastKnownFileType = sourcecode.swift; path = OrderDetailView.swift; sourceTree = "<group>"; };
		A9553C89BFEB4AEF133B8821 /* ProfileView.swift */ = {isa = PBXFileReference; lastKnownFileType = sourcecode.swift; path = ProfileView.swift; sourceTree = "<group>"; };
		AD9A4FEDB31093BCBB54A493 /* Assets.xcassets */ = {isa = PBXFileReference; lastKnownFileType = folder.assetcatalog; path = Assets.xcassets; sourceTree = "<group>"; };
		B5F2695D5AA94E75BBEEA72A /* KeychainTokenStore.swift */ = {isa = PBXFileReference; lastKnownFileType = sourcecode.swift; path = KeychainTokenStore.swift; sourceTree = "<group>"; };
		B9392DB0AD9C64D47FC26F28 /* AuthServiceTests.swift */ = {isa = PBXFileReference; lastKnownFileType = sourcecode.swift; path = AuthServiceTests.swift; sourceTree = "<group>"; };
		BB57A10226C40BD4776401D9 /* AuthSessionConcurrencyTests.swift */ = {isa = PBXFileReference; lastKnownFileType = sourcecode.swift; path = AuthSessionConcurrencyTests.swift; sourceTree = "<group>"; };
		BF50EB73C9FC78108A495DC9 /* .gitkeep */ = {isa = PBXFileReference; lastKnownFileType = text; path = .gitkeep; sourceTree = "<group>"; };
		CB08B78FAC8EEA2F9906D8CA /* NewOrderView.swift */ = {isa = PBXFileReference; lastKnownFileType = sourcecode.swift; path = NewOrderView.swift; sourceTree = "<group>"; };
		D764A3FA4B0275D840AFAD68 /* StoreTabView.swift */ = {isa = PBXFileReference; lastKnownFileType = sourcecode.swift; path = StoreTabView.swift; sourceTree = "<group>"; };
		D9B17E9A0267CD29BBEF179B /* RemoteAvatarView.swift */ = {isa = PBXFileReference; lastKnownFileType = sourcecode.swift; path = RemoteAvatarView.swift; sourceTree = "<group>"; };
		DBCEFA717E696436ACD8C4AC /* ModelContextHolder.swift */ = {isa = PBXFileReference; lastKnownFileType = sourcecode.swift; path = ModelContextHolder.swift; sourceTree = "<group>"; };
		DF5D6D4550CCC35AAFE48876 /* ZarizApp.swift */ = {isa = PBXFileReference; lastKnownFileType = sourcecode.swift; path = ZarizApp.swift; sourceTree = "<group>"; };
		E2D7D16A05A7D432E925633F /* AuthService.swift */ = {isa = PBXFileReference; lastKnownFileType = sourcecode.swift; path = AuthService.swift; sourceTree = "<group>"; };
		E48A601F539367C4E7C8DBEA /* SlideToConfirmSlider.swift */ = {isa = PBXFileReference; lastKnownFileType = sourcecode.swift; path = SlideToConfirmSlider.swift; sourceTree = "<group>"; };
		E49E7B597C7DD3EDD24B2D5C /* LanguageMenuButton.swift */ = {isa = PBXFileReference; lastKnownFileType = sourcecode.swift; path = LanguageMenuButton.swift; sourceTree = "<group>"; };
		E763DE2C85906EDBD48422A3 /* Order.swift */ = {isa = PBXFileReference; lastKnownFileType = sourcecode.swift; path = Order.swift; sourceTree = "<group>"; };
		E83AE0C6D45D75A259D16650 /* hero_pulse.json */ = {isa = PBXFileReference; lastKnownFileType = text.json; path = hero_pulse.json; sourceTree = "<group>"; };
		EB44D3DC548216F2AF872931 /* Info.plist */ = {isa = PBXFileReference; lastKnownFileType = text.plist; path = Info.plist; sourceTree = "<group>"; };
		EBDD260D9C63FC8528AE42CD /* KeychainAuthStoreTests.swift */ = {isa = PBXFileReference; lastKnownFileType = sourcecode.swift; path = KeychainAuthStoreTests.swift; sourceTree = "<group>"; };
		F090E43AE1CCF879F8FABEB2 /* StoreOrdersListView.swift */ = {isa = PBXFileReference; lastKnownFileType = sourcecode.swift; path = StoreOrdersListView.swift; sourceTree = "<group>"; };
		F0F812CEA9B8B9D0CDBAE33B /* ZarizUITests.xctest */ = {isa = PBXFileReference; includeInIndex = 0; lastKnownFileType = wrapper.cfbundle; path = ZarizUITests.xctest; sourceTree = BUILT_PRODUCTS_DIR; };
		F18AEF646AC0DA6B68C9250D /* ZarizTests.xctest */ = {isa = PBXFileReference; includeInIndex = 0; lastKnownFileType = wrapper.cfbundle; path = ZarizTests.xctest; sourceTree = BUILT_PRODUCTS_DIR; };
		FA41DFDD4C34C87186BA62B5 /* ar */ = {isa = PBXFileReference; lastKnownFileType = text.plist.strings; name = ar; path = ar.lproj/Localizable.strings; sourceTree = "<group>"; };
		FAACB2ED74F7A61DC658199D /* StoreHomeView.swift */ = {isa = PBXFileReference; lastKnownFileType = sourcecode.swift; path = StoreHomeView.swift; sourceTree = "<group>"; };
		FD146120977A760D18C12711 /* SSEClient.swift */ = {isa = PBXFileReference; lastKnownFileType = sourcecode.swift; path = SSEClient.swift; sourceTree = "<group>"; };
		FFBB2B3121301D0031517353 /* SkeletonOrderRow.swift */ = {isa = PBXFileReference; lastKnownFileType = sourcecode.swift; path = SkeletonOrderRow.swift; sourceTree = "<group>"; };
/* End PBXFileReference section */

/* Begin PBXFrameworksBuildPhase section */
		1AC0B6E70021FF2AC548923A /* Frameworks */ = {
			isa = PBXFrameworksBuildPhase;
			buildActionMask = 2147483647;
			files = (
				F342316107F076C7844421CD /* Popovers in Frameworks */,
				CA5F1BFEFD4E5896474AC4C2 /* AlertToast in Frameworks */,
				029F1AAC187B31761D4CEA2A /* Shimmer in Frameworks */,
				F034F6E5B6F6A2854FC63002 /* SwiftUIX in Frameworks */,
				8A948646A0B06EBAD70E5C31 /* Lottie in Frameworks */,
			);
			runOnlyForDeploymentPostprocessing = 0;
		};
/* End PBXFrameworksBuildPhase section */

/* Begin PBXGroup section */
		028607995055DB5B8ACD7E3F = {
			isa = PBXGroup;
			children = (
				BF2CEA4F64E34F8278423C1A /* Zariz */,
				0730DF135383110523E699DD /* ZarizTests */,
				FF62DF515C352B4502AFBEAC /* ZarizUITests */,
				701497C7F7AE46E5BBA49559 /* Products */,
			);
			sourceTree = "<group>";
		};
		0730DF135383110523E699DD /* ZarizTests */ = {
			isa = PBXGroup;
			children = (
				B9392DB0AD9C64D47FC26F28 /* AuthServiceTests.swift */,
				BB57A10226C40BD4776401D9 /* AuthSessionConcurrencyTests.swift */,
				EBDD260D9C63FC8528AE42CD /* KeychainAuthStoreTests.swift */,
				3BB4BDFF142C54849E71E0FF /* OrdersServiceSyncTests.swift */,
			);
			path = ZarizTests;
			sourceTree = "<group>";
		};
		0EA86A9E21F00E56630F264E /* Supporting */ = {
			isa = PBXGroup;
			children = (
				EB44D3DC548216F2AF872931 /* Info.plist */,
			);
			path = Supporting;
			sourceTree = "<group>";
		};
		127A7E2D33C1C321E1D043E4 /* Data */ = {
			isa = PBXGroup;
			children = (
				751055E3807C921C6945FB82 /* API */,
				89DCD6E00A24B290E1CE4D6F /* Models */,
				ED4BB73F6E3CFE01DC793085 /* Persistence */,
				6BB4A9C2DAA054BC7E83464E /* Security */,
			);
			path = Data;
			sourceTree = "<group>";
		};
		19372B95030335B883748004 /* Resources */ = {
			isa = PBXGroup;
			children = (
				AD9A4FEDB31093BCBB54A493 /* Assets.xcassets */,
				17FE40D53EE7AA2D255F85D4 /* Localizable.strings */,
				7476C8DC654BEA1DD034A867 /* Lottie */,
			);
			path = Resources;
			sourceTree = "<group>";
		};
		1C2AD50917FA1239F491449B /* Profile */ = {
			isa = PBXGroup;
			children = (
				A9553C89BFEB4AEF133B8821 /* ProfileView.swift */,
			);
			path = Profile;
			sourceTree = "<group>";
		};
		3581B7867A93CCB4E84E4DF3 /* Store */ = {
			isa = PBXGroup;
			children = (
				CB08B78FAC8EEA2F9906D8CA /* NewOrderView.swift */,
				FAACB2ED74F7A61DC658199D /* StoreHomeView.swift */,
				F090E43AE1CCF879F8FABEB2 /* StoreOrdersListView.swift */,
				D764A3FA4B0275D840AFAD68 /* StoreTabView.swift */,
			);
			path = Store;
			sourceTree = "<group>";
		};
		60C0AB242EFCA6286B27D329 /* DesignSystem */ = {
			isa = PBXGroup;
			children = (
				732DCE00E3F410189C1FFF0C /* DesignSystem.swift */,
				085C9579D18A11406FFE1007 /* Haptics.swift */,
				6BDAC466A13DF7EFBB9302DD /* LottieView.swift */,
				D9B17E9A0267CD29BBEF179B /* RemoteAvatarView.swift */,
				3838694143FFCEB35D9FEBE1 /* Shimmer.swift */,
				E48A601F539367C4E7C8DBEA /* SlideToConfirmSlider.swift */,
				5C290D6AF581A1429B24E668 /* Toast.swift */,
			);
			path = DesignSystem;
			sourceTree = "<group>";
		};
		6477298EEF6110C9F5534D24 /* Auth */ = {
			isa = PBXGroup;
			children = (
				E2D7D16A05A7D432E925633F /* AuthService.swift */,
				05A7F0B0F87BD6EE046A6C2D /* AuthView.swift */,
				98CA6E09876DAF36DB602FC8 /* AuthViewModel.swift */,
			);
			path = Auth;
			sourceTree = "<group>";
		};
		65C710A633C4B649DD3B5F35 /* Modules */ = {
			isa = PBXGroup;
			children = (
				60C0AB242EFCA6286B27D329 /* DesignSystem */,
			);
			path = Modules;
			sourceTree = "<group>";
		};
		66B1EA0D0C8A823E48BDCDB9 /* Shared */ = {
			isa = PBXGroup;
			children = (
				66F11E75BA087995F443429C /* EmptyStateView.swift */,
				18B32C3C9EC0820A2868F763 /* Notifications.swift */,
				FD146120977A760D18C12711 /* SSEClient.swift */,
			);
			path = Shared;
			sourceTree = "<group>";
		};
		6BB4A9C2DAA054BC7E83464E /* Security */ = {
			isa = PBXGroup;
			children = (
				0F40F2A9A80D0A681B6BD1DA /* AuthKeychainStore.swift */,
				B5F2695D5AA94E75BBEEA72A /* KeychainTokenStore.swift */,
			);
			path = Security;
			sourceTree = "<group>";
		};
		701497C7F7AE46E5BBA49559 /* Products */ = {
			isa = PBXGroup;
			children = (
				43C88EA393E23C78A6E94D40 /* Zariz.app */,
				F18AEF646AC0DA6B68C9250D /* ZarizTests.xctest */,
				F0F812CEA9B8B9D0CDBAE33B /* ZarizUITests.xctest */,
			);
			name = Products;
			sourceTree = "<group>";
		};
		7476C8DC654BEA1DD034A867 /* Lottie */ = {
			isa = PBXGroup;
			children = (
				E83AE0C6D45D75A259D16650 /* hero_pulse.json */,
			);
			path = Lottie;
			sourceTree = "<group>";
		};
		751055E3807C921C6945FB82 /* API */ = {
			isa = PBXGroup;
			children = (
				54D24F53D19AB75CDBF9B8EF /* APIClient.swift */,
				75B513E9406090E0068B305A /* Config.swift */,
			);
			path = API;
			sourceTree = "<group>";
		};
		89DCD6E00A24B290E1CE4D6F /* Models */ = {
			isa = PBXGroup;
			children = (
				E763DE2C85906EDBD48422A3 /* Order.swift */,
				6AB9AA6C54C45A2DB689690D /* OrderDraftEntity.swift */,
				18E8DBF867F0A1E7EAB6D488 /* OrderPricing.swift */,
			);
			path = Models;
			sourceTree = "<group>";
		};
		9FEF22EF47FCB1E7F3829B6B /* Features */ = {
			isa = PBXGroup;
			children = (
				6477298EEF6110C9F5534D24 /* Auth */,
				AE34E58BB7AA010806056C01 /* Orders */,
				1C2AD50917FA1239F491449B /* Profile */,
				66B1EA0D0C8A823E48BDCDB9 /* Shared */,
				3581B7867A93CCB4E84E4DF3 /* Store */,
			);
			path = Features;
			sourceTree = "<group>";
		};
		AD8C4215BE01093615ABB5F1 /* App */ = {
			isa = PBXGroup;
			children = (
				2509478F261F4155B34A18E6 /* AppSession.swift */,
				6187193AB1EC434B99F91FFB /* DemoExitToolbar.swift */,
				5E808588FAAAC21F2209F26B /* GlobalToolbar.swift */,
				E49E7B597C7DD3EDD24B2D5C /* LanguageMenuButton.swift */,
				205017133705173CDDB3D443 /* OrdersSyncManager.swift */,
				3FDEBF3B6806226144A8EBFE /* PushManager.swift */,
				481A0834A7F077D1099132C8 /* Telemetry.swift */,
				DF5D6D4550CCC35AAFE48876 /* ZarizApp.swift */,
			);
			path = App;
			sourceTree = "<group>";
		};
		AE34E58BB7AA010806056C01 /* Orders */ = {
			isa = PBXGroup;
			children = (
				A11BBDBE5EFBCEC508259BD2 /* OrderDetailView.swift */,
				9608E90D137032F7BD70F4E4 /* OrderRowView.swift */,
				334CC652083F335B3DA8A8DF /* OrdersListView.swift */,
				21AB1E66206F81D9C7A79F2E /* OrdersService.swift */,
				FFBB2B3121301D0031517353 /* SkeletonOrderRow.swift */,
			);
			path = Orders;
			sourceTree = "<group>";
		};
		BF2CEA4F64E34F8278423C1A /* Zariz */ = {
			isa = PBXGroup;
			children = (
				BF50EB73C9FC78108A495DC9 /* .gitkeep */,
				AD8C4215BE01093615ABB5F1 /* App */,
				127A7E2D33C1C321E1D043E4 /* Data */,
				9FEF22EF47FCB1E7F3829B6B /* Features */,
				65C710A633C4B649DD3B5F35 /* Modules */,
				19372B95030335B883748004 /* Resources */,
				0EA86A9E21F00E56630F264E /* Supporting */,
			);
			path = Zariz;
			sourceTree = "<group>";
		};
		ED4BB73F6E3CFE01DC793085 /* Persistence */ = {
			isa = PBXGroup;
			children = (
				DBCEFA717E696436ACD8C4AC /* ModelContextHolder.swift */,
			);
			path = Persistence;
			sourceTree = "<group>";
		};
		FF62DF515C352B4502AFBEAC /* ZarizUITests */ = {
			isa = PBXGroup;
			children = (
				47CF548AAD85F5D1E2838365 /* AuthFlowUITests.swift */,
			);
			path = ZarizUITests;
			sourceTree = "<group>";
		};
/* End PBXGroup section */

/* Begin PBXNativeTarget section */
		294BD3DD4615F9A8972B59D6 /* ZarizTests */ = {
			isa = PBXNativeTarget;
			buildConfigurationList = E8B3DA2E5499DB6C95CE3CBA /* Build configuration list for PBXNativeTarget "ZarizTests" */;
			buildPhases = (
				A2EF509B236DA3D0F4AB2254 /* Sources */,
			);
			buildRules = (
			);
			dependencies = (
				D77BBA612C0918F11A65C310 /* PBXTargetDependency */,
			);
			name = ZarizTests;
			packageProductDependencies = (
			);
			productName = ZarizTests;
			productReference = F18AEF646AC0DA6B68C9250D /* ZarizTests.xctest */;
			productType = "com.apple.product-type.bundle.unit-test";
		};
		56915C4970CA94F676E1EBE4 /* Zariz */ = {
			isa = PBXNativeTarget;
			buildConfigurationList = FFD97AF4ADF57BCAA3E9D2DB /* Build configuration list for PBXNativeTarget "Zariz" */;
			buildPhases = (
				2829DB666B21827FC946942F /* Sources */,
				B2EE57965FE124CF97EB0701 /* Resources */,
				1AC0B6E70021FF2AC548923A /* Frameworks */,
			);
			buildRules = (
			);
			dependencies = (
			);
			name = Zariz;
			packageProductDependencies = (
				0F4DABB45AA2E65839140A02 /* Popovers */,
				16354204D8673CC6D77B771C /* AlertToast */,
				D94D89E7EB33C5A157B3C315 /* Shimmer */,
				BD499EE3C6AB3AD788DE6EF9 /* SwiftUIX */,
				F0E60C89D34C1C3F5691BB25 /* Lottie */,
			);
			productName = Zariz;
			productReference = 43C88EA393E23C78A6E94D40 /* Zariz.app */;
			productType = "com.apple.product-type.application";
		};
		A2A7A0B134C8E3E1D3363A76 /* ZarizUITests */ = {
			isa = PBXNativeTarget;
			buildConfigurationList = 0670B010609E55CF51FB0E47 /* Build configuration list for PBXNativeTarget "ZarizUITests" */;
			buildPhases = (
				CE6A335F453C2F9EFBABA91F /* Sources */,
			);
			buildRules = (
			);
			dependencies = (
				4FDB2A5CE1D58F451A06C40E /* PBXTargetDependency */,
			);
			name = ZarizUITests;
			packageProductDependencies = (
			);
			productName = ZarizUITests;
			productReference = F0F812CEA9B8B9D0CDBAE33B /* ZarizUITests.xctest */;
			productType = "com.apple.product-type.bundle.ui-testing";
		};
/* End PBXNativeTarget section */

/* Begin PBXProject section */
		8F08DF75D3EEF47141B8164F /* Project object */ = {
			isa = PBXProject;
			attributes = {
				BuildIndependentTargetsInParallel = YES;
				LastUpgradeCheck = 1430;
				TargetAttributes = {
					A2A7A0B134C8E3E1D3363A76 = {
						TestTargetID = 56915C4970CA94F676E1EBE4;
					};
				};
			};
			buildConfigurationList = AF513B81AF58A2EB856A32B2 /* Build configuration list for PBXProject "Zariz" */;
			compatibilityVersion = "Xcode 14.0";
			developmentRegion = en;
			hasScannedForEncodings = 0;
			knownRegions = (
				Base,
				ar,
				en,
				he,
				ru,
			);
			mainGroup = 028607995055DB5B8ACD7E3F;
			minimizedProjectReferenceProxies = 1;
			packageReferences = (
				438155481BC4416F74A33AA4 /* XCRemoteSwiftPackageReference "AlertToast" */,
				71815C2D185B80506D50C4CA /* XCRemoteSwiftPackageReference "lottie-spm" */,
				0138BB366963A02CC695FCE2 /* XCRemoteSwiftPackageReference "Popovers" */,
				E7FC2D841BC1D9F9A27EACE7 /* XCRemoteSwiftPackageReference "SwiftUI-Shimmer" */,
				048080D8759C6588E59AEB57 /* XCRemoteSwiftPackageReference "SwiftUIX" */,
			);
			projectDirPath = "";
			projectRoot = "";
			targets = (
				56915C4970CA94F676E1EBE4 /* Zariz */,
				294BD3DD4615F9A8972B59D6 /* ZarizTests */,
				A2A7A0B134C8E3E1D3363A76 /* ZarizUITests */,
			);
		};
/* End PBXProject section */

/* Begin PBXResourcesBuildPhase section */
		B2EE57965FE124CF97EB0701 /* Resources */ = {
			isa = PBXResourcesBuildPhase;
			buildActionMask = 2147483647;
			files = (
				18013F2A6B6EC3062A5E57E8 /* Assets.xcassets in Resources */,
				CE570E8BB81A9691C3CE34E0 /* Localizable.strings in Resources */,
				501EA57C54D3C5261CCC0765 /* hero_pulse.json in Resources */,
			);
			runOnlyForDeploymentPostprocessing = 0;
		};
/* End PBXResourcesBuildPhase section */

/* Begin PBXSourcesBuildPhase section */
		2829DB666B21827FC946942F /* Sources */ = {
			isa = PBXSourcesBuildPhase;
			buildActionMask = 2147483647;
			files = (
				50E88351DA9ABDC8830D7B50 /* APIClient.swift in Sources */,
				9221949AACF5E8F349C3ADC2 /* AppSession.swift in Sources */,
				B1BD339E8B4450C86C518458 /* AuthKeychainStore.swift in Sources */,
				11A6903D1BC28E5F00237E3C /* AuthService.swift in Sources */,
				CDC803C780900C54B7FD2D2C /* AuthView.swift in Sources */,
				4E7ED000DC81D71AA9BC2131 /* AuthViewModel.swift in Sources */,
				17B17D572FC9B0E749B58963 /* Config.swift in Sources */,
				2DC001BAE88580D6D903D9C7 /* DemoExitToolbar.swift in Sources */,
				147B9F551D353FB9D99430E1 /* DesignSystem.swift in Sources */,
				B249EA08B54F1ABFD946C3EA /* EmptyStateView.swift in Sources */,
				1ECDEC356759B1F95683563A /* GlobalToolbar.swift in Sources */,
				7F217E67C49F4DDF91C065B4 /* Haptics.swift in Sources */,
				37A56A4F9FD002149069707A /* KeychainTokenStore.swift in Sources */,
				B2F8B5E525F0B1A7030917BF /* LanguageMenuButton.swift in Sources */,
				407B2C6C38C2CCBE64EBA94D /* LottieView.swift in Sources */,
				4F65F5ADB1952B0D8938F843 /* ModelContextHolder.swift in Sources */,
				C8D240DB1F943DE43D97A387 /* NewOrderView.swift in Sources */,
				16C371EADEA3CF51A1BE3917 /* Notifications.swift in Sources */,
				7026A04CBE57C7AAB19F743D /* Order.swift in Sources */,
				9F24442340C119A5B626E5D2 /* OrderDetailView.swift in Sources */,
				74B4B5843DCC8333CEB1E3D6 /* OrderDraftEntity.swift in Sources */,
				67351F19F5C7E9A243DDEFB5 /* OrderPricing.swift in Sources */,
				41313F7E7AB7A49B7D31CAFD /* OrderRowView.swift in Sources */,
				54182D18F34F90FCC4723E82 /* OrdersListView.swift in Sources */,
				52CEB3BA1F838E9904781C0E /* OrdersService.swift in Sources */,
				4330E5346A9F5D266DC1344A /* OrdersSyncManager.swift in Sources */,
				48719651DCC78156DC53DEEA /* ProfileView.swift in Sources */,
				7C6ACF5453ABB25037DBC24D /* PushManager.swift in Sources */,
				33ADAE9B4BABAB3E082E81DD /* RemoteAvatarView.swift in Sources */,
				E8EFAE5CFF326B4A23A3480B /* SSEClient.swift in Sources */,
				9FAA0412FE29CE4F99F5415B /* Shimmer.swift in Sources */,
				58A3AFDBBCF8292BBE4CD2F3 /* SkeletonOrderRow.swift in Sources */,
				A85C014870CDFFA2433CB32D /* SlideToConfirmSlider.swift in Sources */,
				42A0B433F4180176B856750D /* StoreHomeView.swift in Sources */,
				E9375A66727C7662E763B5B0 /* StoreOrdersListView.swift in Sources */,
				3167CBD3DEC88CFBF78A94B1 /* StoreTabView.swift in Sources */,
				045B57D26B5DF9802C0299B9 /* Telemetry.swift in Sources */,
				A375E5ECFE1AACBEB44711E6 /* Toast.swift in Sources */,
				F6B5D748CBE46B71D837FE0F /* ZarizApp.swift in Sources */,
			);
			runOnlyForDeploymentPostprocessing = 0;
		};
		A2EF509B236DA3D0F4AB2254 /* Sources */ = {
			isa = PBXSourcesBuildPhase;
			buildActionMask = 2147483647;
			files = (
				E9E28118B5164453B8E4DB85 /* AuthServiceTests.swift in Sources */,
				754B7B5475715BFE1A88ECA4 /* AuthSessionConcurrencyTests.swift in Sources */,
				6C5448C3BED3145E3B03E523 /* KeychainAuthStoreTests.swift in Sources */,
				D8D9330B91636216B8DE083D /* OrdersServiceSyncTests.swift in Sources */,
			);
			runOnlyForDeploymentPostprocessing = 0;
		};
		CE6A335F453C2F9EFBABA91F /* Sources */ = {
			isa = PBXSourcesBuildPhase;
			buildActionMask = 2147483647;
			files = (
				5486287B72D106AC4C96F17F /* AuthFlowUITests.swift in Sources */,
			);
			runOnlyForDeploymentPostprocessing = 0;
		};
/* End PBXSourcesBuildPhase section */

/* Begin PBXTargetDependency section */
		4FDB2A5CE1D58F451A06C40E /* PBXTargetDependency */ = {
			isa = PBXTargetDependency;
			target = 56915C4970CA94F676E1EBE4 /* Zariz */;
			targetProxy = E76D1EB36FBC4C7F01F06327 /* PBXContainerItemProxy */;
		};
		D77BBA612C0918F11A65C310 /* PBXTargetDependency */ = {
			isa = PBXTargetDependency;
			target = 56915C4970CA94F676E1EBE4 /* Zariz */;
			targetProxy = BD45FAB7A0B5FF6A60D11D01 /* PBXContainerItemProxy */;
		};
/* End PBXTargetDependency section */

/* Begin PBXVariantGroup section */
		17FE40D53EE7AA2D255F85D4 /* Localizable.strings */ = {
			isa = PBXVariantGroup;
			children = (
				FA41DFDD4C34C87186BA62B5 /* ar */,
				6104438F41AFF9F6002B6458 /* en */,
				083F5FA9673EA6B850203EE4 /* he */,
				9D19695BD72B022E555D8329 /* ru */,
			);
			name = Localizable.strings;
			sourceTree = "<group>";
		};
/* End PBXVariantGroup section */

/* Begin XCBuildConfiguration section */
		006BFFC5C3CB59406492F7DD /* Release */ = {
			isa = XCBuildConfiguration;
			buildSettings = {
				BUNDLE_LOADER = "$(TEST_HOST)";
				LD_RUNPATH_SEARCH_PATHS = (
					"$(inherited)",
					"@executable_path/Frameworks",
					"@loader_path/Frameworks",
				);
				SDKROOT = iphoneos;
				TARGETED_DEVICE_FAMILY = "1,2";
				TEST_TARGET_NAME = Zariz;
			};
			name = Release;
		};
		2005D0DF43543735FED0FEBC /* Debug */ = {
			isa = XCBuildConfiguration;
			buildSettings = {
				ASSETCATALOG_COMPILER_APPICON_NAME = AppIcon;
				CODE_SIGN_IDENTITY = "iPhone Developer";
				DEVELOPMENT_TEAM = YB88MH2LBQ;
				INFOPLIST_FILE = Zariz/Supporting/Info.plist;
				LD_RUNPATH_SEARCH_PATHS = (
					"$(inherited)",
					"@executable_path/Frameworks",
				);
				PRODUCT_NAME = Zariz;
				SDKROOT = iphoneos;
				TARGETED_DEVICE_FAMILY = "1,2";
			};
			name = Debug;
		};
		22D6539A67709F8978C657AB /* Release */ = {
			isa = XCBuildConfiguration;
			buildSettings = {
				BUNDLE_LOADER = "$(TEST_HOST)";
				LD_RUNPATH_SEARCH_PATHS = (
					"$(inherited)",
					"@executable_path/Frameworks",
					"@loader_path/Frameworks",
				);
				SDKROOT = iphoneos;
				TARGETED_DEVICE_FAMILY = "1,2";
				TEST_HOST = "";
			};
			name = Release;
		};
		5105FC7065B46A8F414ADCF0 /* Debug */ = {
			isa = XCBuildConfiguration;
			buildSettings = {
				BUNDLE_LOADER = "$(TEST_HOST)";
				LD_RUNPATH_SEARCH_PATHS = (
					"$(inherited)",
					"@executable_path/Frameworks",
					"@loader_path/Frameworks",
				);
				SDKROOT = iphoneos;
				TARGETED_DEVICE_FAMILY = "1,2";
				TEST_TARGET_NAME = Zariz;
			};
			name = Debug;
		};
		5A40C77E32331AD180D53D70 /* Debug */ = {
			isa = XCBuildConfiguration;
			buildSettings = {
				ALWAYS_SEARCH_USER_PATHS = NO;
				CLANG_ANALYZER_NONNULL = YES;
				CLANG_ANALYZER_NUMBER_OBJECT_CONVERSION = YES_AGGRESSIVE;
				CLANG_CXX_LANGUAGE_STANDARD = "gnu++14";
				CLANG_CXX_LIBRARY = "libc++";
				CLANG_ENABLE_MODULES = YES;
				CLANG_ENABLE_OBJC_ARC = YES;
				CLANG_ENABLE_OBJC_WEAK = YES;
				CLANG_WARN_BLOCK_CAPTURE_AUTORELEASING = YES;
				CLANG_WARN_BOOL_CONVERSION = YES;
				CLANG_WARN_COMMA = YES;
				CLANG_WARN_CONSTANT_CONVERSION = YES;
				CLANG_WARN_DEPRECATED_OBJC_IMPLEMENTATIONS = YES;
				CLANG_WARN_DIRECT_OBJC_ISA_USAGE = YES_ERROR;
				CLANG_WARN_DOCUMENTATION_COMMENTS = YES;
				CLANG_WARN_EMPTY_BODY = YES;
				CLANG_WARN_ENUM_CONVERSION = YES;
				CLANG_WARN_INFINITE_RECURSION = YES;
				CLANG_WARN_INT_CONVERSION = YES;
				CLANG_WARN_NON_LITERAL_NULL_CONVERSION = YES;
				CLANG_WARN_OBJC_IMPLICIT_RETAIN_SELF = YES;
				CLANG_WARN_OBJC_LITERAL_CONVERSION = YES;
				CLANG_WARN_OBJC_ROOT_CLASS = YES_ERROR;
				CLANG_WARN_QUOTED_INCLUDE_IN_FRAMEWORK_HEADER = YES;
				CLANG_WARN_RANGE_LOOP_ANALYSIS = YES;
				CLANG_WARN_STRICT_PROTOTYPES = YES;
				CLANG_WARN_SUSPICIOUS_MOVE = YES;
				CLANG_WARN_UNGUARDED_AVAILABILITY = YES_AGGRESSIVE;
				CLANG_WARN_UNREACHABLE_CODE = YES;
				CLANG_WARN__DUPLICATE_METHOD_MATCH = YES;
				COPY_PHASE_STRIP = NO;
				DEAD_CODE_STRIPPING = YES;
				DEBUG_INFORMATION_FORMAT = dwarf;
				ENABLE_STRICT_OBJC_MSGSEND = YES;
				ENABLE_TESTABILITY = YES;
				GCC_C_LANGUAGE_STANDARD = gnu11;
				GCC_DYNAMIC_NO_PIC = NO;
				GCC_NO_COMMON_BLOCKS = YES;
				GCC_OPTIMIZATION_LEVEL = 0;
				GCC_PREPROCESSOR_DEFINITIONS = (
					"$(inherited)",
					"DEBUG=1",
				);
				GCC_WARN_64_TO_32_BIT_CONVERSION = YES;
				GCC_WARN_ABOUT_RETURN_TYPE = YES_ERROR;
				GCC_WARN_UNDECLARED_SELECTOR = YES;
				GCC_WARN_UNINITIALIZED_AUTOS = YES_AGGRESSIVE;
				GCC_WARN_UNUSED_FUNCTION = YES;
				GCC_WARN_UNUSED_VARIABLE = YES;
				INFOPLIST_FILE = Zariz/Supporting/Info.plist;
				IPHONEOS_DEPLOYMENT_TARGET = 17.0;
				MTL_ENABLE_DEBUG_INFO = INCLUDE_SOURCE;
				MTL_FAST_MATH = YES;
				ONLY_ACTIVE_ARCH = YES;
				PRODUCT_BUNDLE_IDENTIFIER = com.example.zariz;
				PRODUCT_NAME = "$(TARGET_NAME)";
				SDKROOT = iphoneos;
				SWIFT_ACTIVE_COMPILATION_CONDITIONS = DEBUG;
				SWIFT_OPTIMIZATION_LEVEL = "-Onone";
				SWIFT_STRICT_CONCURRENCY = complete;
				SWIFT_VERSION = 6.0;
				VALIDATE_WORKSPACE = YES;
			};
			name = Debug;
		};
		98C2E06B0D849C87D6981BFC /* Release */ = {
			isa = XCBuildConfiguration;
			buildSettings = {
				ASSETCATALOG_COMPILER_APPICON_NAME = AppIcon;
				CODE_SIGN_IDENTITY = "iPhone Developer";
				DEVELOPMENT_TEAM = YB88MH2LBQ;
				INFOPLIST_FILE = Zariz/Supporting/Info.plist;
				LD_RUNPATH_SEARCH_PATHS = (
					"$(inherited)",
					"@executable_path/Frameworks",
				);
				PRODUCT_NAME = Zariz;
				SDKROOT = iphoneos;
				TARGETED_DEVICE_FAMILY = "1,2";
			};
			name = Release;
		};
		9EC48A9F504317F04CF60181 /* Release */ = {
			isa = XCBuildConfiguration;
			buildSettings = {
				ALWAYS_SEARCH_USER_PATHS = NO;
				CLANG_ANALYZER_NONNULL = YES;
				CLANG_ANALYZER_NUMBER_OBJECT_CONVERSION = YES_AGGRESSIVE;
				CLANG_CXX_LANGUAGE_STANDARD = "gnu++14";
				CLANG_CXX_LIBRARY = "libc++";
				CLANG_ENABLE_MODULES = YES;
				CLANG_ENABLE_OBJC_ARC = YES;
				CLANG_ENABLE_OBJC_WEAK = YES;
				CLANG_WARN_BLOCK_CAPTURE_AUTORELEASING = YES;
				CLANG_WARN_BOOL_CONVERSION = YES;
				CLANG_WARN_COMMA = YES;
				CLANG_WARN_CONSTANT_CONVERSION = YES;
				CLANG_WARN_DEPRECATED_OBJC_IMPLEMENTATIONS = YES;
				CLANG_WARN_DIRECT_OBJC_ISA_USAGE = YES_ERROR;
				CLANG_WARN_DOCUMENTATION_COMMENTS = YES;
				CLANG_WARN_EMPTY_BODY = YES;
				CLANG_WARN_ENUM_CONVERSION = YES;
				CLANG_WARN_INFINITE_RECURSION = YES;
				CLANG_WARN_INT_CONVERSION = YES;
				CLANG_WARN_NON_LITERAL_NULL_CONVERSION = YES;
				CLANG_WARN_OBJC_IMPLICIT_RETAIN_SELF = YES;
				CLANG_WARN_OBJC_LITERAL_CONVERSION = YES;
				CLANG_WARN_OBJC_ROOT_CLASS = YES_ERROR;
				CLANG_WARN_QUOTED_INCLUDE_IN_FRAMEWORK_HEADER = YES;
				CLANG_WARN_RANGE_LOOP_ANALYSIS = YES;
				CLANG_WARN_STRICT_PROTOTYPES = YES;
				CLANG_WARN_SUSPICIOUS_MOVE = YES;
				CLANG_WARN_UNGUARDED_AVAILABILITY = YES_AGGRESSIVE;
				CLANG_WARN_UNREACHABLE_CODE = YES;
				CLANG_WARN__DUPLICATE_METHOD_MATCH = YES;
				COPY_PHASE_STRIP = NO;
				DEAD_CODE_STRIPPING = YES;
				DEBUG_INFORMATION_FORMAT = "dwarf-with-dsym";
				ENABLE_NS_ASSERTIONS = NO;
				ENABLE_STRICT_OBJC_MSGSEND = YES;
				GCC_C_LANGUAGE_STANDARD = gnu11;
				GCC_NO_COMMON_BLOCKS = YES;
				GCC_WARN_64_TO_32_BIT_CONVERSION = YES;
				GCC_WARN_ABOUT_RETURN_TYPE = YES_ERROR;
				GCC_WARN_UNDECLARED_SELECTOR = YES;
				GCC_WARN_UNINITIALIZED_AUTOS = YES_AGGRESSIVE;
				GCC_WARN_UNUSED_FUNCTION = YES;
				GCC_WARN_UNUSED_VARIABLE = YES;
				INFOPLIST_FILE = Zariz/Supporting/Info.plist;
				IPHONEOS_DEPLOYMENT_TARGET = 17.0;
				MTL_ENABLE_DEBUG_INFO = NO;
				MTL_FAST_MATH = YES;
				PRODUCT_BUNDLE_IDENTIFIER = com.example.zariz;
				PRODUCT_NAME = "$(TARGET_NAME)";
				SDKROOT = iphoneos;
				SWIFT_COMPILATION_MODE = wholemodule;
				SWIFT_OPTIMIZATION_LEVEL = "-O";
				SWIFT_STRICT_CONCURRENCY = complete;
				SWIFT_VERSION = 6.0;
				VALIDATE_WORKSPACE = YES;
			};
			name = Release;
		};
		CD106FB3CBDED2B70E8576FF /* Debug */ = {
			isa = XCBuildConfiguration;
			buildSettings = {
				BUNDLE_LOADER = "$(TEST_HOST)";
				LD_RUNPATH_SEARCH_PATHS = (
					"$(inherited)",
					"@executable_path/Frameworks",
					"@loader_path/Frameworks",
				);
				SDKROOT = iphoneos;
				TARGETED_DEVICE_FAMILY = "1,2";
				TEST_HOST = "";
			};
			name = Debug;
		};
/* End XCBuildConfiguration section */

/* Begin XCConfigurationList section */
		0670B010609E55CF51FB0E47 /* Build configuration list for PBXNativeTarget "ZarizUITests" */ = {
			isa = XCConfigurationList;
			buildConfigurations = (
				5105FC7065B46A8F414ADCF0 /* Debug */,
				006BFFC5C3CB59406492F7DD /* Release */,
			);
			defaultConfigurationIsVisible = 0;
			defaultConfigurationName = Debug;
		};
		AF513B81AF58A2EB856A32B2 /* Build configuration list for PBXProject "Zariz" */ = {
			isa = XCConfigurationList;
			buildConfigurations = (
				5A40C77E32331AD180D53D70 /* Debug */,
				9EC48A9F504317F04CF60181 /* Release */,
			);
			defaultConfigurationIsVisible = 0;
			defaultConfigurationName = Debug;
		};
		E8B3DA2E5499DB6C95CE3CBA /* Build configuration list for PBXNativeTarget "ZarizTests" */ = {
			isa = XCConfigurationList;
			buildConfigurations = (
				CD106FB3CBDED2B70E8576FF /* Debug */,
				22D6539A67709F8978C657AB /* Release */,
			);
			defaultConfigurationIsVisible = 0;
			defaultConfigurationName = Debug;
		};
		FFD97AF4ADF57BCAA3E9D2DB /* Build configuration list for PBXNativeTarget "Zariz" */ = {
			isa = XCConfigurationList;
			buildConfigurations = (
				2005D0DF43543735FED0FEBC /* Debug */,
				98C2E06B0D849C87D6981BFC /* Release */,
			);
			defaultConfigurationIsVisible = 0;
			defaultConfigurationName = Debug;
		};
/* End XCConfigurationList section */

/* Begin XCRemoteSwiftPackageReference section */
		0138BB366963A02CC695FCE2 /* XCRemoteSwiftPackageReference "Popovers" */ = {
			isa = XCRemoteSwiftPackageReference;
			repositoryURL = "https://github.com/aheze/Popovers";
			requirement = {
				kind = upToNextMajorVersion;
				minimumVersion = 1.0.4;
			};
		};
		048080D8759C6588E59AEB57 /* XCRemoteSwiftPackageReference "SwiftUIX" */ = {
			isa = XCRemoteSwiftPackageReference;
			repositoryURL = "https://github.com/SwiftUIX/SwiftUIX";
			requirement = {
				kind = upToNextMajorVersion;
				minimumVersion = 0.2.2;
			};
		};
		438155481BC4416F74A33AA4 /* XCRemoteSwiftPackageReference "AlertToast" */ = {
			isa = XCRemoteSwiftPackageReference;
			repositoryURL = "https://github.com/elai950/AlertToast";
			requirement = {
				kind = upToNextMajorVersion;
				minimumVersion = 1.3.0;
			};
		};
		71815C2D185B80506D50C4CA /* XCRemoteSwiftPackageReference "lottie-spm" */ = {
			isa = XCRemoteSwiftPackageReference;
			repositoryURL = "https://github.com/airbnb/lottie-spm";
			requirement = {
				kind = upToNextMajorVersion;
				minimumVersion = 4.4.0;
			};
		};
		E7FC2D841BC1D9F9A27EACE7 /* XCRemoteSwiftPackageReference "SwiftUI-Shimmer" */ = {
			isa = XCRemoteSwiftPackageReference;
			repositoryURL = "https://github.com/markiv/SwiftUI-Shimmer";
			requirement = {
				kind = upToNextMajorVersion;
				minimumVersion = 1.5.1;
			};
		};
/* End XCRemoteSwiftPackageReference section */

/* Begin XCSwiftPackageProductDependency section */
		0F4DABB45AA2E65839140A02 /* Popovers */ = {
			isa = XCSwiftPackageProductDependency;
			package = 0138BB366963A02CC695FCE2 /* XCRemoteSwiftPackageReference "Popovers" */;
			productName = Popovers;
		};
		16354204D8673CC6D77B771C /* AlertToast */ = {
			isa = XCSwiftPackageProductDependency;
			package = 438155481BC4416F74A33AA4 /* XCRemoteSwiftPackageReference "AlertToast" */;
			productName = AlertToast;
		};
		BD499EE3C6AB3AD788DE6EF9 /* SwiftUIX */ = {
			isa = XCSwiftPackageProductDependency;
			package = 048080D8759C6588E59AEB57 /* XCRemoteSwiftPackageReference "SwiftUIX" */;
			productName = SwiftUIX;
		};
		D94D89E7EB33C5A157B3C315 /* Shimmer */ = {
			isa = XCSwiftPackageProductDependency;
			package = E7FC2D841BC1D9F9A27EACE7 /* XCRemoteSwiftPackageReference "SwiftUI-Shimmer" */;
			productName = Shimmer;
		};
		F0E60C89D34C1C3F5691BB25 /* Lottie */ = {
			isa = XCSwiftPackageProductDependency;
			package = 71815C2D185B80506D50C4CA /* XCRemoteSwiftPackageReference "lottie-spm" */;
			productName = Lottie;
		};
/* End XCSwiftPackageProductDependency section */
	};
	rootObject = 8F08DF75D3EEF47141B8164F /* Project object */;
}
